
Microsoft Visual Studio Solution File, Format Version 12.00
# Visual Studio 2012
Project("{8BC9CEB8-8B4A-11D0-8D11-00A0C91BC942}") = "Visual Studio 2012 First C++ Test", "Visual Studio 2012 First C++ Test\Visual Studio 2012 First C++ Test.vcxproj", "{D38D6411-448D-4E33-8B5B-BB42A13D15A2}"
EndProject
Global
	GlobalSection(SolutionConfigurationPlatforms) = preSolution
		Debug|Win32 = Debug|Win32
		Release|Win32 = Release|Win32
	EndGlobalSection
	GlobalSection(ProjectConfigurationPlatforms) = postSolution
		{D38D6411-448D-4E33-8B5B-BB42A13D15A2}.Debug|Win32.ActiveCfg = Debug|Win32
		{D38D6411-448D-4E33-8B5B-BB42A13D15A2}.Debug|Win32.Build.0 = Debug|Win32
		{D38D6411-448D-4E33-8B5B-BB42A13D15A2}.Release|Win32.ActiveCfg = Release|Win32
		{D38D6411-448D-4E33-8B5B-BB42A13D15A2}.Release|Win32.Build.0 = Release|Win32
	EndGlobalSection
	GlobalSection(SolutionProperties) = preSolution
		HideSolutionNode = FALSE
	EndGlobalSection
EndGlobal
